
Microsoft Visual Studio Solution File, Format Version 12.00
# Visual Studio 14
VisualStudioVersion = 14.0.25420.1
MinimumVisualStudioVersion = 10.0.40219.1
Project("{FAE04EC0-301F-11D3-BF4B-00C04F79EFBC}") = "Bibiblioteca.Entidades", "Bibiblioteca.Entidades\Bibiblioteca.Entidades.csproj", "{8B2A4042-0252-451B-BF60-26B6E5A46837}"
EndProject
Project("{FAE04EC0-301F-11D3-BF4B-00C04F79EFBC}") = "aplicacion.vista", "aplicacion.vista\aplicacion.vista.csproj", "{2190A51A-199C-45A5-9B96-36818901A4C8}"
EndProject
Global
	GlobalSection(SolutionConfigurationPlatforms) = preSolution
		Debug|Any CPU = Debug|Any CPU
		Release|Any CPU = Release|Any CPU
	EndGlobalSection
	GlobalSection(ProjectConfigurationPlatforms) = postSolution
		{8B2A4042-0252-451B-BF60-26B6E5A46837}.Debug|Any CPU.ActiveCfg = Debug|Any CPU
		{8B2A4042-0252-451B-BF60-26B6E5A46837}.Debug|Any CPU.Build.0 = Debug|Any CPU
		{8B2A4042-0252-451B-BF60-26B6E5A46837}.Release|Any CPU.ActiveCfg = Release|Any CPU
		{8B2A4042-0252-451B-BF60-26B6E5A46837}.Release|Any CPU.Build.0 = Release|Any CPU
		{2190A51A-199C-45A5-9B96-36818901A4C8}.Debug|Any CPU.ActiveCfg = Debug|Any CPU
		{2190A51A-199C-45A5-9B96-36818901A4C8}.Debug|Any CPU.Build.0 = Debug|Any CPU
		{2190A51A-199C-45A5-9B96-36818901A4C8}.Release|Any CPU.ActiveCfg = Release|Any CPU
		{2190A51A-199C-45A5-9B96-36818901A4C8}.Release|Any CPU.Build.0 = Release|Any CPU
	EndGlobalSection
	GlobalSection(SolutionProperties) = preSolution
		HideSolutionNode = FALSE
	EndGlobalSection
EndGlobal
